
Microsoft Visual Studio Solution File, Format Version 12.00
# Visual Studio Version 17
VisualStudioVersion = 17.4.33403.182
MinimumVisualStudioVersion = 10.0.40219.1
Project("{9A19103F-16F7-4668-BE54-9A1E7A4F7556}") = "fiap", "fiap.csproj", "{6368104D-0D3C-4C52-BBFC-67C1E036C042}"
EndProject
Global
	GlobalSection(SolutionConfigurationPlatforms) = preSolution
		Debug|Any CPU = Debug|Any CPU
		Release|Any CPU = Release|Any CPU
	EndGlobalSection
	GlobalSection(ProjectConfigurationPlatforms) = postSolution
		{6368104D-0D3C-4C52-BBFC-67C1E036C042}.Debug|Any CPU.ActiveCfg = Debug|Any CPU
		{6368104D-0D3C-4C52-BBFC-67C1E036C042}.Debug|Any CPU.Build.0 = Debug|Any CPU
		{6368104D-0D3C-4C52-BBFC-67C1E036C042}.Release|Any CPU.ActiveCfg = Release|Any CPU
		{6368104D-0D3C-4C52-BBFC-67C1E036C042}.Release|Any CPU.Build.0 = Release|Any CPU
	EndGlobalSection
	GlobalSection(SolutionProperties) = preSolution
		HideSolutionNode = FALSE
	EndGlobalSection
	GlobalSection(ExtensibilityGlobals) = postSolution
		SolutionGuid = {8157F3D8-902C-4332-AC4C-4740A2FAD8D6}
	EndGlobalSection
EndGlobal
