
Microsoft Visual Studio Solution File, Format Version 12.00
# Visual Studio Version 17
VisualStudioVersion = 17.4.33403.182
MinimumVisualStudioVersion = 10.0.40219.1
Project("{9A19103F-16F7-4668-BE54-9A1E7A4F7556}") = "fiap", "src\fiap.web\fiap.csproj", "{3D900DE1-642C-48E7-AB3E-1D0BCCE382F7}"
EndProject
Project("{FAE04EC0-301F-11D3-BF4B-00C04F79EFBC}") = "fiap.core", "src\fiap.core\fiap.core\fiap.core.csproj", "{B0A8621F-5BE9-4D3D-9C18-FD6154C0CA99}"
EndProject
Global
	GlobalSection(SolutionConfigurationPlatforms) = preSolution
		Debug|Any CPU = Debug|Any CPU
		Release|Any CPU = Release|Any CPU
	EndGlobalSection
	GlobalSection(ProjectConfigurationPlatforms) = postSolution
		{3D900DE1-642C-48E7-AB3E-1D0BCCE382F7}.Debug|Any CPU.ActiveCfg = Debug|Any CPU
		{3D900DE1-642C-48E7-AB3E-1D0BCCE382F7}.Debug|Any CPU.Build.0 = Debug|Any CPU
		{3D900DE1-642C-48E7-AB3E-1D0BCCE382F7}.Release|Any CPU.ActiveCfg = Release|Any CPU
		{3D900DE1-642C-48E7-AB3E-1D0BCCE382F7}.Release|Any CPU.Build.0 = Release|Any CPU
		{B0A8621F-5BE9-4D3D-9C18-FD6154C0CA99}.Debug|Any CPU.ActiveCfg = Debug|Any CPU
		{B0A8621F-5BE9-4D3D-9C18-FD6154C0CA99}.Debug|Any CPU.Build.0 = Debug|Any CPU
		{B0A8621F-5BE9-4D3D-9C18-FD6154C0CA99}.Release|Any CPU.ActiveCfg = Release|Any CPU
		{B0A8621F-5BE9-4D3D-9C18-FD6154C0CA99}.Release|Any CPU.Build.0 = Release|Any CPU
	EndGlobalSection
	GlobalSection(SolutionProperties) = preSolution
		HideSolutionNode = FALSE
	EndGlobalSection
	GlobalSection(ExtensibilityGlobals) = postSolution
		SolutionGuid = {8157F3D8-902C-4332-AC4C-4740A2FAD8D6}
	EndGlobalSection
EndGlobal
